{
	"name": "@minna-ui/select",
	"version": "0.25.0",
	"lockfileVersion": 1,
	"preserveSymlinks": "1",
	"requires": true,
	"dependencies": {
		"svelte": {
			"version": "3.5.1",
			"resolved": "https://registry.npmjs.org/svelte/-/svelte-3.5.1.tgz",
			"integrity": "sha512-iMnuyteFGQ8Yl68G/DHTHY1sLwoAMya1eS0ZOHIm/dqn2etR8WEe8hUAoluLryde4Cft4gvMhtHV3NhE60nBmQ==",
			"dev": true
		}
	}
}
