{
	"name": "@minna-ui/rollup-plugin-dev-server",
	"version": "0.25.0",
	"lockfileVersion": 1,
	"preserveSymlinks": "1",
	"requires": true,
	"dependencies": {
		"@polka/url": {
			"version": "0.5.0",
			"resolved": "https://registry.npmjs.org/@polka/url/-/url-0.5.0.tgz",
			"integrity": "sha512-oZLYFEAzUKyi3SKnXvj32ZCEGH6RDnao7COuCVhDydMS9NrCSVXhM79VaKyP5+Zc33m0QXEd2DN3UkU7OsHcfw=="
		},
		"@wearegenki/node-utils": {
			"version": "0.2.0",
			"resolved": "https://registry.npmjs.org/@wearegenki/node-utils/-/node-utils-0.2.0.tgz",
			"integrity": "sha512-bBzbdd7jj/Gn+6e0kW78aieFIMP/5hHUxGeUTQ7DoYnQiUMBHckuovWGs0IoM6jcYQN39zSExk2XNDp9/gCuCw==",
			"requires": {
				"colorette": "^1.0.7"
			}
		},
		"colorette": {
			"version": "1.0.8",
			"resolved": "https://registry.npmjs.org/colorette/-/colorette-1.0.8.tgz",
			"integrity": "sha512-X6Ck90ReaF+EfKdVGB7vdIQ3dr651BbIrBwY5YBKg13fjH+940sTtp7/Pkx33C6ntYfQcRumOs/aUQhaRPpbTQ=="
		},
		"deepmerge": {
			"version": "3.2.0",
			"resolved": "https://registry.npmjs.org/deepmerge/-/deepmerge-3.2.0.tgz",
			"integrity": "sha512-6+LuZGU7QCNUnAJyX8cIrlzoEgggTM6B7mm+znKOX4t5ltluT9KLjN6g61ECMS0LTsLW7yDpNoxhix5FZcrIow=="
		},
		"mime": {
			"version": "2.4.4",
			"resolved": "https://registry.npmjs.org/mime/-/mime-2.4.4.tgz",
			"integrity": "sha512-LRxmNwziLPT828z+4YkNzloCFC2YM4wrB99k+AV5ZbEyfGNWfG8SO1FUXLmLDBSo89NrJZ4DIWeLjy1CHGhMGA=="
		},
		"sirv": {
			"version": "0.4.2",
			"resolved": "https://registry.npmjs.org/sirv/-/sirv-0.4.2.tgz",
			"integrity": "sha512-dQbZnsMaIiTQPZmbGmktz+c74zt/hyrJEB4tdp2Jj0RNv9J6B/OWR5RyrZEvIn9fyh9Zlg2OlE2XzKz6wMKGAw==",
			"requires": {
				"@polka/url": "^0.5.0",
				"mime": "^2.3.1"
			}
		}
	}
}
