{
	"name": "@minna-ui/eslint-config",
	"version": "0.25.1",
	"lockfileVersion": 1,
	"preserveSymlinks": "1",
	"requires": true,
	"dependencies": {
		"@types/eslint": {
			"version": "4.16.6",
			"resolved": "https://registry.npmjs.org/@types/eslint/-/eslint-4.16.6.tgz",
			"integrity": "sha512-GL7tGJig55FeclpOytU7nCCqtR143jBoC7AUdH0DO9xBSIFiNNUFCY/S3KNWsHeQJuU3hjw/OC1+kRTFNXqUZQ==",
			"requires": {
				"@types/estree": "*",
				"@types/json-schema": "*"
			}
		},
		"@types/eslint-visitor-keys": {
			"version": "1.0.0",
			"resolved": "https://registry.npmjs.org/@types/eslint-visitor-keys/-/eslint-visitor-keys-1.0.0.tgz",
			"integrity": "sha512-OCutwjDZ4aFS6PB1UZ988C4YgwlBHJd6wCeQqaLdmadZ/7e+w79+hbMUFC1QXDNCmdyoRfAFdm0RypzwR+Qpag=="
		},
		"@types/estree": {
			"version": "0.0.39",
			"resolved": "https://registry.npmjs.org/@types/estree/-/estree-0.0.39.tgz",
			"integrity": "sha512-EYNwp3bU+98cpU4lAWYYL7Zz+2gryWH1qbdDTidVd6hkiR6weksdbMadyXKXNPEkQFhXM+hVO9ZygomHXp+AIw=="
		},
		"@types/json-schema": {
			"version": "7.0.3",
			"resolved": "https://registry.npmjs.org/@types/json-schema/-/json-schema-7.0.3.tgz",
			"integrity": "sha512-Il2DtDVRGDcqjDtE+rF8iqg1CArehSK84HZJCT7AMITlyXRBpuPhqGLDQMowraqqu1coEaimg4ZOqggt6L6L+A=="
		},
		"@typescript-eslint/eslint-plugin": {
			"version": "1.10.2",
			"resolved": "https://registry.npmjs.org/@typescript-eslint/eslint-plugin/-/eslint-plugin-1.10.2.tgz",
			"integrity": "sha512-7449RhjE1oLFIy5E/5rT4wG5+KsfPzakJuhvpzXJ3C46lq7xywY0/Rjo9ZBcwrfbk0nRZ5xmUHkk7DZ67tSBKw==",
			"requires": {
				"@typescript-eslint/experimental-utils": "1.10.2",
				"eslint-utils": "^1.3.1",
				"functional-red-black-tree": "^1.0.1",
				"regexpp": "^2.0.1",
				"tsutils": "^3.7.0"
			}
		},
		"@typescript-eslint/experimental-utils": {
			"version": "1.10.2",
			"resolved": "https://registry.npmjs.org/@typescript-eslint/experimental-utils/-/experimental-utils-1.10.2.tgz",
			"integrity": "sha512-Hf5lYcrnTH5Oc67SRrQUA7KuHErMvCf5RlZsyxXPIT6AXa8fKTyfFO6vaEnUmlz48RpbxO4f0fY3QtWkuHZNjg==",
			"requires": {
				"@typescript-eslint/typescript-estree": "1.10.2",
				"eslint-scope": "^4.0.0"
			}
		},
		"@typescript-eslint/parser": {
			"version": "1.10.2",
			"resolved": "https://registry.npmjs.org/@typescript-eslint/parser/-/parser-1.10.2.tgz",
			"integrity": "sha512-xWDWPfZfV0ENU17ermIUVEVSseBBJxKfqBcRCMZ8nAjJbfA5R7NWMZmFFHYnars5MjK4fPjhu4gwQv526oZIPQ==",
			"requires": {
				"@types/eslint-visitor-keys": "^1.0.0",
				"@typescript-eslint/experimental-utils": "1.10.2",
				"@typescript-eslint/typescript-estree": "1.10.2",
				"eslint-visitor-keys": "^1.0.0"
			}
		},
		"@typescript-eslint/typescript-estree": {
			"version": "1.10.2",
			"resolved": "https://registry.npmjs.org/@typescript-eslint/typescript-estree/-/typescript-estree-1.10.2.tgz",
			"integrity": "sha512-Kutjz0i69qraOsWeI8ETqYJ07tRLvD9URmdrMoF10bG8y8ucLmPtSxROvVejWvlJUGl2et/plnMiKRDW+rhEhw==",
			"requires": {
				"lodash.unescape": "4.0.1",
				"semver": "5.5.0"
			}
		},
		"array-includes": {
			"version": "3.0.3",
			"resolved": "https://registry.npmjs.org/array-includes/-/array-includes-3.0.3.tgz",
			"integrity": "sha1-GEtI9i2S10UrsxsyMWXH+L0CJm0=",
			"requires": {
				"define-properties": "^1.1.2",
				"es-abstract": "^1.7.0"
			}
		},
		"bail": {
			"version": "1.0.4",
			"resolved": "https://registry.npmjs.org/bail/-/bail-1.0.4.tgz",
			"integrity": "sha512-S8vuDB4w6YpRhICUDET3guPlQpaJl7od94tpZ0Fvnyp+MKW/HyDTcRDck+29C9g+d/qQHnddRH3+94kZdrW0Ww=="
		},
		"balanced-match": {
			"version": "1.0.0",
			"resolved": "https://registry.npmjs.org/balanced-match/-/balanced-match-1.0.0.tgz",
			"integrity": "sha1-ibTRmasr7kneFk6gK4nORi1xt2c="
		},
		"brace-expansion": {
			"version": "1.1.11",
			"resolved": "https://registry.npmjs.org/brace-expansion/-/brace-expansion-1.1.11.tgz",
			"integrity": "sha512-iCuPHDFgrHX7H2vEI/5xpz07zSHB00TpugqhmYtVmMO6518mCuRMoOYFldEBl0g187ufozdaHgWKcYFb61qGiA==",
			"requires": {
				"balanced-match": "^1.0.0",
				"concat-map": "0.0.1"
			}
		},
		"character-entities": {
			"version": "1.2.3",
			"resolved": "https://registry.npmjs.org/character-entities/-/character-entities-1.2.3.tgz",
			"integrity": "sha512-yB4oYSAa9yLcGyTbB4ItFwHw43QHdH129IJ5R+WvxOkWlyFnR5FAaBNnUq4mcxsTVZGh28bHoeTHMKXH1wZf3w=="
		},
		"character-entities-legacy": {
			"version": "1.1.3",
			"resolved": "https://registry.npmjs.org/character-entities-legacy/-/character-entities-legacy-1.1.3.tgz",
			"integrity": "sha512-YAxUpPoPwxYFsslbdKkhrGnXAtXoHNgYjlBM3WMXkWGTl5RsY3QmOyhwAgL8Nxm9l5LBThXGawxKPn68y6/fww=="
		},
		"character-reference-invalid": {
			"version": "1.1.3",
			"resolved": "https://registry.npmjs.org/character-reference-invalid/-/character-reference-invalid-1.1.3.tgz",
			"integrity": "sha512-VOq6PRzQBam/8Jm6XBGk2fNEnHXAdGd6go0rtd4weAGECBamHDwwCQSOT12TACIYUZegUXnV6xBXqUssijtxIg=="
		},
		"collapse-white-space": {
			"version": "1.0.5",
			"resolved": "https://registry.npmjs.org/collapse-white-space/-/collapse-white-space-1.0.5.tgz",
			"integrity": "sha512-703bOOmytCYAX9cXYqoikYIx6twmFCXsnzRQheBcTG3nzKYBR4P/+wkYeH+Mvj7qUz8zZDtdyzbxfnEi/kYzRQ=="
		},
		"comment-parser": {
			"version": "0.5.4",
			"resolved": "https://registry.npmjs.org/comment-parser/-/comment-parser-0.5.4.tgz",
			"integrity": "sha512-0h7W6Y1Kb6zKQMJqdX41C5qf9ITCVIsD2qP2RaqDF3GFkXFrmuAuv5zUOuo19YzyC9scjBNpqzuaRQ2Sy5pxMQ=="
		},
		"concat-map": {
			"version": "0.0.1",
			"resolved": "https://registry.npmjs.org/concat-map/-/concat-map-0.0.1.tgz",
			"integrity": "sha1-2Klr13/Wjfd5OnMDajug1UBdR3s="
		},
		"contains-path": {
			"version": "0.1.0",
			"resolved": "https://registry.npmjs.org/contains-path/-/contains-path-0.1.0.tgz",
			"integrity": "sha1-/ozxhP9mcLa67wGp1IYaXL7EEgo="
		},
		"debug": {
			"version": "2.6.9",
			"resolved": "https://registry.npmjs.org/debug/-/debug-2.6.9.tgz",
			"integrity": "sha512-bC7ElrdJaJnPbAP+1EotYvqZsb3ecl5wi6Bfi6BJTUcNowp6cvspg0jXznRTKDjm/E7AdgFBVeAPVMNcKGsHMA==",
			"requires": {
				"ms": "2.0.0"
			}
		},
		"define-properties": {
			"version": "1.1.3",
			"resolved": "https://registry.npmjs.org/define-properties/-/define-properties-1.1.3.tgz",
			"integrity": "sha512-3MqfYKj2lLzdMSf8ZIZE/V+Zuy+BgD6f164e8K2w7dgnpKArBDerGYpM46IYYcjnkdPNMjPk9A6VFB8+3SKlXQ==",
			"requires": {
				"object-keys": "^1.0.12"
			}
		},
		"doctrine": {
			"version": "1.5.0",
			"resolved": "https://registry.npmjs.org/doctrine/-/doctrine-1.5.0.tgz",
			"integrity": "sha1-N53Ocw9hZvds76TmcHoVmwLFpvo=",
			"requires": {
				"esutils": "^2.0.2",
				"isarray": "^1.0.0"
			}
		},
		"dom-serializer": {
			"version": "0.1.1",
			"resolved": "https://registry.npmjs.org/dom-serializer/-/dom-serializer-0.1.1.tgz",
			"integrity": "sha512-l0IU0pPzLWSHBcieZbpOKgkIn3ts3vAh7ZuFyXNwJxJXk/c4Gwj9xaTJwIDVQCXawWD0qb3IzMGH5rglQaO0XA==",
			"requires": {
				"domelementtype": "^1.3.0",
				"entities": "^1.1.1"
			}
		},
		"domelementtype": {
			"version": "1.3.1",
			"resolved": "https://registry.npmjs.org/domelementtype/-/domelementtype-1.3.1.tgz",
			"integrity": "sha512-BSKB+TSpMpFI/HOxCNr1O8aMOTZ8hT3pM3GQ0w/mWRmkhEDSFJkkyzz4XQsBV44BChwGkrDfMyjVD0eA2aFV3w=="
		},
		"domhandler": {
			"version": "2.4.2",
			"resolved": "https://registry.npmjs.org/domhandler/-/domhandler-2.4.2.tgz",
			"integrity": "sha512-JiK04h0Ht5u/80fdLMCEmV4zkNh2BcoMFBmZ/91WtYZ8qVXSKjiw7fXMgFPnHcSZgOo3XdinHvmnDUeMf5R4wA==",
			"requires": {
				"domelementtype": "1"
			}
		},
		"domutils": {
			"version": "1.7.0",
			"resolved": "https://registry.npmjs.org/domutils/-/domutils-1.7.0.tgz",
			"integrity": "sha512-Lgd2XcJ/NjEw+7tFvfKxOzCYKZsdct5lczQ2ZaQY8Djz7pfAD3Gbp8ySJWtreII/vDlMVmxwa6pHmdxIYgttDg==",
			"requires": {
				"dom-serializer": "0",
				"domelementtype": "1"
			}
		},
		"entities": {
			"version": "1.1.2",
			"resolved": "https://registry.npmjs.org/entities/-/entities-1.1.2.tgz",
			"integrity": "sha512-f2LZMYl1Fzu7YSBKg+RoROelpOaNrcGmE9AZubeDfrCEia483oW4MI4VyFd5VNHIgQ/7qm1I0wUHK1eJnn2y2w=="
		},
		"error-ex": {
			"version": "1.3.2",
			"resolved": "https://registry.npmjs.org/error-ex/-/error-ex-1.3.2.tgz",
			"integrity": "sha512-7dFHNmqeFSEt2ZBsCriorKnn3Z2pj+fd9kmI6QoWw4//DL+icEBfc0U7qJCisqrTsKTjw4fNFy2pW9OqStD84g==",
			"requires": {
				"is-arrayish": "^0.2.1"
			}
		},
		"es-abstract": {
			"version": "1.13.0",
			"resolved": "https://registry.npmjs.org/es-abstract/-/es-abstract-1.13.0.tgz",
			"integrity": "sha512-vDZfg/ykNxQVwup/8E1BZhVzFfBxs9NqMzGcvIJrqg5k2/5Za2bWo40dK2J1pgLngZ7c+Shh8lwYtLGyrwPutg==",
			"requires": {
				"es-to-primitive": "^1.2.0",
				"function-bind": "^1.1.1",
				"has": "^1.0.3",
				"is-callable": "^1.1.4",
				"is-regex": "^1.0.4",
				"object-keys": "^1.0.12"
			}
		},
		"es-to-primitive": {
			"version": "1.2.0",
			"resolved": "https://registry.npmjs.org/es-to-primitive/-/es-to-primitive-1.2.0.tgz",
			"integrity": "sha512-qZryBOJjV//LaxLTV6UC//WewneB3LcXOL9NP++ozKVXsIIIpm/2c13UDiD9Jp2eThsecw9m3jPqDwTyobcdbg==",
			"requires": {
				"is-callable": "^1.1.4",
				"is-date-object": "^1.0.1",
				"is-symbol": "^1.0.2"
			}
		},
		"eslint-config-airbnb-base": {
			"version": "13.1.0",
			"resolved": "https://registry.npmjs.org/eslint-config-airbnb-base/-/eslint-config-airbnb-base-13.1.0.tgz",
			"integrity": "sha512-XWwQtf3U3zIoKO1BbHh6aUhJZQweOwSt4c2JrPDg9FP3Ltv3+YfEv7jIDB8275tVnO/qOHbfuYg3kzw6Je7uWw==",
			"requires": {
				"eslint-restricted-globals": "^0.1.1",
				"object.assign": "^4.1.0",
				"object.entries": "^1.0.4"
			}
		},
		"eslint-import-resolver-node": {
			"version": "0.3.2",
			"resolved": "https://registry.npmjs.org/eslint-import-resolver-node/-/eslint-import-resolver-node-0.3.2.tgz",
			"integrity": "sha512-sfmTqJfPSizWu4aymbPr4Iidp5yKm8yDkHp+Ir3YiTHiiDfxh69mOUsmiqW6RZ9zRXFaF64GtYmN7e+8GHBv6Q==",
			"requires": {
				"debug": "^2.6.9",
				"resolve": "^1.5.0"
			}
		},
		"eslint-module-utils": {
			"version": "2.4.0",
			"resolved": "https://registry.npmjs.org/eslint-module-utils/-/eslint-module-utils-2.4.0.tgz",
			"integrity": "sha512-14tltLm38Eu3zS+mt0KvILC3q8jyIAH518MlG+HO0p+yK885Lb1UHTY/UgR91eOyGdmxAPb+OLoW4znqIT6Ndw==",
			"requires": {
				"debug": "^2.6.8",
				"pkg-dir": "^2.0.0"
			}
		},
		"eslint-plugin-html": {
			"version": "5.0.5",
			"resolved": "https://registry.npmjs.org/eslint-plugin-html/-/eslint-plugin-html-5.0.5.tgz",
			"integrity": "sha512-v/33i3OD0fuXcRXexVyXXBOe4mLBLBQoF1UO1Uy9D+XLq4MC8K45GcQKfqjC/FnHAHp3pYUjpHHktYNCtShGmg==",
			"requires": {
				"htmlparser2": "^3.10.0"
			}
		},
		"eslint-plugin-import": {
			"version": "2.17.3",
			"resolved": "https://registry.npmjs.org/eslint-plugin-import/-/eslint-plugin-import-2.17.3.tgz",
			"integrity": "sha512-qeVf/UwXFJbeyLbxuY8RgqDyEKCkqV7YC+E5S5uOjAp4tOc8zj01JP3ucoBM8JcEqd1qRasJSg6LLlisirfy0Q==",
			"requires": {
				"array-includes": "^3.0.3",
				"contains-path": "^0.1.0",
				"debug": "^2.6.9",
				"doctrine": "1.5.0",
				"eslint-import-resolver-node": "^0.3.2",
				"eslint-module-utils": "^2.4.0",
				"has": "^1.0.3",
				"lodash": "^4.17.11",
				"minimatch": "^3.0.4",
				"read-pkg-up": "^2.0.0",
				"resolve": "^1.11.0"
			}
		},
		"eslint-plugin-jest": {
			"version": "22.6.4",
			"resolved": "https://registry.npmjs.org/eslint-plugin-jest/-/eslint-plugin-jest-22.6.4.tgz",
			"integrity": "sha512-36OqnZR/uMCDxXGmTsqU4RwllR0IiB/XF8GW3ODmhsjiITKuI0GpgultWFt193ipN3HARkaIcKowpE6HBvRHNg=="
		},
		"eslint-plugin-jsdoc": {
			"version": "7.2.3",
			"resolved": "https://registry.npmjs.org/eslint-plugin-jsdoc/-/eslint-plugin-jsdoc-7.2.3.tgz",
			"integrity": "sha512-233HUc5ftIlmswaNmck++gkoW2iubcDDbM4KCzTHaawJFODuTNriDmZyKm8+7GgNnnwlkrE0mmD4TCzrdMTnsA==",
			"requires": {
				"comment-parser": "^0.5.4",
				"jsdoctypeparser": "3.1.0",
				"lodash": "^4.17.11"
			}
		},
		"eslint-plugin-markdown": {
			"version": "1.0.0",
			"resolved": "https://registry.npmjs.org/eslint-plugin-markdown/-/eslint-plugin-markdown-1.0.0.tgz",
			"integrity": "sha512-YIrClt3yLgyGov+rInjIoC/05zMxb/c6YXQZkyI9UKuBRFLgCrL37cxthj0JYWiTYtiHq0p8O0Nt0/HrvO48iQ==",
			"requires": {
				"object-assign": "^4.0.1",
				"remark-parse": "^5.0.0",
				"unified": "^6.1.2"
			}
		},
		"eslint-plugin-security": {
			"version": "1.4.0",
			"resolved": "https://registry.npmjs.org/eslint-plugin-security/-/eslint-plugin-security-1.4.0.tgz",
			"integrity": "sha512-xlS7P2PLMXeqfhyf3NpqbvbnW04kN8M9NtmhpR3XGyOvt/vNKS7XPXT5EDbwKW9vCjWH4PpfQvgD/+JgN0VJKA==",
			"requires": {
				"safe-regex": "^1.1.0"
			}
		},
		"eslint-plugin-svelte3": {
			"version": "1.2.3",
			"resolved": "https://registry.npmjs.org/eslint-plugin-svelte3/-/eslint-plugin-svelte3-1.2.3.tgz",
			"integrity": "sha512-2FhqmE5HwPsbpsPalM6Ej9VdXML5vHYUoSvS1dvJ9tZr8wDATuOnebP5DIHt3U0EHGUYwIjJGBn2JG2gXgb9Wg=="
		},
		"eslint-restricted-globals": {
			"version": "0.1.1",
			"resolved": "https://registry.npmjs.org/eslint-restricted-globals/-/eslint-restricted-globals-0.1.1.tgz",
			"integrity": "sha1-NfDVy8ZMLj7WLpO0saevBbp+1Nc="
		},
		"eslint-scope": {
			"version": "4.0.3",
			"resolved": "https://registry.npmjs.org/eslint-scope/-/eslint-scope-4.0.3.tgz",
			"integrity": "sha512-p7VutNr1O/QrxysMo3E45FjYDTeXBy0iTltPFNSqKAIfjDSXC+4dj+qfyuD8bfAXrW/y6lW3O76VaYNPKfpKrg==",
			"requires": {
				"esrecurse": "^4.1.0",
				"estraverse": "^4.1.1"
			}
		},
		"eslint-utils": {
			"version": "1.3.1",
			"resolved": "https://registry.npmjs.org/eslint-utils/-/eslint-utils-1.3.1.tgz",
			"integrity": "sha512-Z7YjnIldX+2XMcjr7ZkgEsOj/bREONV60qYeB/bjMAqqqZ4zxKyWX+BOUkdmRmA9riiIPVvo5x86m5elviOk0Q=="
		},
		"eslint-visitor-keys": {
			"version": "1.0.0",
			"resolved": "https://registry.npmjs.org/eslint-visitor-keys/-/eslint-visitor-keys-1.0.0.tgz",
			"integrity": "sha512-qzm/XxIbxm/FHyH341ZrbnMUpe+5Bocte9xkmFMzPMjRaZMcXww+MpBptFvtU+79L362nqiLhekCxCxDPaUMBQ=="
		},
		"esrecurse": {
			"version": "4.2.1",
			"resolved": "https://registry.npmjs.org/esrecurse/-/esrecurse-4.2.1.tgz",
			"integrity": "sha512-64RBB++fIOAXPw3P9cy89qfMlvZEXZkqqJkjqqXIvzP5ezRZjW+lPWjw35UX/3EhUPFYbg5ER4JYgDw4007/DQ==",
			"requires": {
				"estraverse": "^4.1.0"
			}
		},
		"estraverse": {
			"version": "4.2.0",
			"resolved": "https://registry.npmjs.org/estraverse/-/estraverse-4.2.0.tgz",
			"integrity": "sha1-De4/7TH81GlhjOc0IJn8GvoL2xM="
		},
		"esutils": {
			"version": "2.0.2",
			"resolved": "https://registry.npmjs.org/esutils/-/esutils-2.0.2.tgz",
			"integrity": "sha1-Cr9PHKpbyx96nYrMbepPqqBLrJs="
		},
		"extend": {
			"version": "3.0.2",
			"resolved": "https://registry.npmjs.org/extend/-/extend-3.0.2.tgz",
			"integrity": "sha512-fjquC59cD7CyW6urNXK0FBufkZcoiGG80wTuPujX590cB5Ttln20E2UB4S/WARVqhXffZl2LNgS+gQdPIIim/g=="
		},
		"find-up": {
			"version": "2.1.0",
			"resolved": "https://registry.npmjs.org/find-up/-/find-up-2.1.0.tgz",
			"integrity": "sha1-RdG35QbHF93UgndaK3eSCjwMV6c=",
			"requires": {
				"locate-path": "^2.0.0"
			}
		},
		"function-bind": {
			"version": "1.1.1",
			"resolved": "https://registry.npmjs.org/function-bind/-/function-bind-1.1.1.tgz",
			"integrity": "sha512-yIovAzMX49sF8Yl58fSCWJ5svSLuaibPxXQJFLmBObTuCr0Mf1KiPopGM9NiFjiYBCbfaa2Fh6breQ6ANVTI0A=="
		},
		"functional-red-black-tree": {
			"version": "1.0.1",
			"resolved": "https://registry.npmjs.org/functional-red-black-tree/-/functional-red-black-tree-1.0.1.tgz",
			"integrity": "sha1-GwqzvVU7Kg1jmdKcDj6gslIHgyc="
		},
		"graceful-fs": {
			"version": "4.1.15",
			"resolved": "https://registry.npmjs.org/graceful-fs/-/graceful-fs-4.1.15.tgz",
			"integrity": "sha512-6uHUhOPEBgQ24HM+r6b/QwWfZq+yiFcipKFrOFiBEnWdy5sdzYoi+pJeQaPI5qOLRFqWmAXUPQNsielzdLoecA=="
		},
		"has": {
			"version": "1.0.3",
			"resolved": "https://registry.npmjs.org/has/-/has-1.0.3.tgz",
			"integrity": "sha512-f2dvO0VU6Oej7RkWJGrehjbzMAjFp5/VKPp5tTpWIV4JHHZK1/BxbFRtf/siA2SWTe09caDmVtYYzWEIbBS4zw==",
			"requires": {
				"function-bind": "^1.1.1"
			}
		},
		"has-symbols": {
			"version": "1.0.0",
			"resolved": "https://registry.npmjs.org/has-symbols/-/has-symbols-1.0.0.tgz",
			"integrity": "sha1-uhqPGvKg/DllD1yFA2dwQSIGO0Q="
		},
		"hosted-git-info": {
			"version": "2.7.1",
			"resolved": "https://registry.npmjs.org/hosted-git-info/-/hosted-git-info-2.7.1.tgz",
			"integrity": "sha512-7T/BxH19zbcCTa8XkMlbK5lTo1WtgkFi3GvdWEyNuc4Vex7/9Dqbnpsf4JMydcfj9HCg4zUWFTL3Za6lapg5/w=="
		},
		"htmlparser2": {
			"version": "3.10.1",
			"resolved": "https://registry.npmjs.org/htmlparser2/-/htmlparser2-3.10.1.tgz",
			"integrity": "sha512-IgieNijUMbkDovyoKObU1DUhm1iwNYE/fuifEoEHfd1oZKZDaONBSkal7Y01shxsM49R4XaMdGez3WnF9UfiCQ==",
			"requires": {
				"domelementtype": "^1.3.1",
				"domhandler": "^2.3.0",
				"domutils": "^1.5.1",
				"entities": "^1.1.1",
				"inherits": "^2.0.1",
				"readable-stream": "^3.1.1"
			}
		},
		"inherits": {
			"version": "2.0.3",
			"resolved": "https://registry.npmjs.org/inherits/-/inherits-2.0.3.tgz",
			"integrity": "sha1-Yzwsg+PaQqUC9SRmAiSA9CCCYd4="
		},
		"is-alphabetical": {
			"version": "1.0.3",
			"resolved": "https://registry.npmjs.org/is-alphabetical/-/is-alphabetical-1.0.3.tgz",
			"integrity": "sha512-eEMa6MKpHFzw38eKm56iNNi6GJ7lf6aLLio7Kr23sJPAECscgRtZvOBYybejWDQ2bM949Y++61PY+udzj5QMLA=="
		},
		"is-alphanumerical": {
			"version": "1.0.3",
			"resolved": "https://registry.npmjs.org/is-alphanumerical/-/is-alphanumerical-1.0.3.tgz",
			"integrity": "sha512-A1IGAPO5AW9vSh7omxIlOGwIqEvpW/TA+DksVOPM5ODuxKlZS09+TEM1E3275lJqO2oJ38vDpeAL3DCIiHE6eA==",
			"requires": {
				"is-alphabetical": "^1.0.0",
				"is-decimal": "^1.0.0"
			}
		},
		"is-arrayish": {
			"version": "0.2.1",
			"resolved": "https://registry.npmjs.org/is-arrayish/-/is-arrayish-0.2.1.tgz",
			"integrity": "sha1-d8mYQFJ6qOyxqLppe4BkWnqSap0="
		},
		"is-buffer": {
			"version": "1.1.6",
			"resolved": "https://registry.npmjs.org/is-buffer/-/is-buffer-1.1.6.tgz",
			"integrity": "sha512-NcdALwpXkTm5Zvvbk7owOUSvVvBKDgKP5/ewfXEznmQFfs4ZRmanOeKBTjRVjka3QFoN6XJ+9F3USqfHqTaU5w=="
		},
		"is-callable": {
			"version": "1.1.4",
			"resolved": "https://registry.npmjs.org/is-callable/-/is-callable-1.1.4.tgz",
			"integrity": "sha512-r5p9sxJjYnArLjObpjA4xu5EKI3CuKHkJXMhT7kwbpUyIFD1n5PMAsoPvWnvtZiNz7LjkYDRZhd7FlI0eMijEA=="
		},
		"is-date-object": {
			"version": "1.0.1",
			"resolved": "https://registry.npmjs.org/is-date-object/-/is-date-object-1.0.1.tgz",
			"integrity": "sha1-mqIOtq7rv/d/vTPnTKAbM1gdOhY="
		},
		"is-decimal": {
			"version": "1.0.3",
			"resolved": "https://registry.npmjs.org/is-decimal/-/is-decimal-1.0.3.tgz",
			"integrity": "sha512-bvLSwoDg2q6Gf+E2LEPiklHZxxiSi3XAh4Mav65mKqTfCO1HM3uBs24TjEH8iJX3bbDdLXKJXBTmGzuTUuAEjQ=="
		},
		"is-hexadecimal": {
			"version": "1.0.3",
			"resolved": "https://registry.npmjs.org/is-hexadecimal/-/is-hexadecimal-1.0.3.tgz",
			"integrity": "sha512-zxQ9//Q3D/34poZf8fiy3m3XVpbQc7ren15iKqrTtLPwkPD/t3Scy9Imp63FujULGxuK0ZlCwoo5xNpktFgbOA=="
		},
		"is-plain-obj": {
			"version": "1.1.0",
			"resolved": "https://registry.npmjs.org/is-plain-obj/-/is-plain-obj-1.1.0.tgz",
			"integrity": "sha1-caUMhCnfync8kqOQpKA7OfzVHT4="
		},
		"is-regex": {
			"version": "1.0.4",
			"resolved": "https://registry.npmjs.org/is-regex/-/is-regex-1.0.4.tgz",
			"integrity": "sha1-VRdIm1RwkbCTDglWVM7SXul+lJE=",
			"requires": {
				"has": "^1.0.1"
			}
		},
		"is-symbol": {
			"version": "1.0.2",
			"resolved": "https://registry.npmjs.org/is-symbol/-/is-symbol-1.0.2.tgz",
			"integrity": "sha512-HS8bZ9ox60yCJLH9snBpIwv9pYUAkcuLhSA1oero1UB5y9aiQpRA8y2ex945AOtCZL1lJDeIk3G5LthswI46Lw==",
			"requires": {
				"has-symbols": "^1.0.0"
			}
		},
		"is-whitespace-character": {
			"version": "1.0.3",
			"resolved": "https://registry.npmjs.org/is-whitespace-character/-/is-whitespace-character-1.0.3.tgz",
			"integrity": "sha512-SNPgMLz9JzPccD3nPctcj8sZlX9DAMJSKH8bP7Z6bohCwuNgX8xbWr1eTAYXX9Vpi/aSn8Y1akL9WgM3t43YNQ=="
		},
		"is-word-character": {
			"version": "1.0.3",
			"resolved": "https://registry.npmjs.org/is-word-character/-/is-word-character-1.0.3.tgz",
			"integrity": "sha512-0wfcrFgOOOBdgRNT9H33xe6Zi6yhX/uoc4U8NBZGeQQB0ctU1dnlNTyL9JM2646bHDTpsDm1Brb3VPoCIMrd/A=="
		},
		"isarray": {
			"version": "1.0.0",
			"resolved": "https://registry.npmjs.org/isarray/-/isarray-1.0.0.tgz",
			"integrity": "sha1-u5NdSFgsuhaMBoNJV6VKPgcSTxE="
		},
		"jsdoctypeparser": {
			"version": "3.1.0",
			"resolved": "https://registry.npmjs.org/jsdoctypeparser/-/jsdoctypeparser-3.1.0.tgz",
			"integrity": "sha512-JNbkKpDFqbYjg+IU3FNo7qjX7Opy7CwjHywT32zgAcz/d4lX6Umn5jOHVETUdnNNgGrMk0nEx1gvP0F4M0hzlQ=="
		},
		"load-json-file": {
			"version": "2.0.0",
			"resolved": "https://registry.npmjs.org/load-json-file/-/load-json-file-2.0.0.tgz",
			"integrity": "sha1-eUfkIUmvgNaWy/eXvKq8/h/inKg=",
			"requires": {
				"graceful-fs": "^4.1.2",
				"parse-json": "^2.2.0",
				"pify": "^2.0.0",
				"strip-bom": "^3.0.0"
			}
		},
		"locate-path": {
			"version": "2.0.0",
			"resolved": "https://registry.npmjs.org/locate-path/-/locate-path-2.0.0.tgz",
			"integrity": "sha1-K1aLJl7slExtnA3pw9u7ygNUzY4=",
			"requires": {
				"p-locate": "^2.0.0",
				"path-exists": "^3.0.0"
			}
		},
		"lodash": {
			"version": "4.17.11",
			"resolved": "https://registry.npmjs.org/lodash/-/lodash-4.17.11.tgz",
			"integrity": "sha512-cQKh8igo5QUhZ7lg38DYWAxMvjSAKG0A8wGSVimP07SIUEK2UO+arSRKbRZWtelMtN5V0Hkwh5ryOto/SshYIg=="
		},
		"lodash.unescape": {
			"version": "4.0.1",
			"resolved": "https://registry.npmjs.org/lodash.unescape/-/lodash.unescape-4.0.1.tgz",
			"integrity": "sha1-vyJJiGzlFM2hEvrpIYzcBlIR/Jw="
		},
		"markdown-escapes": {
			"version": "1.0.3",
			"resolved": "https://registry.npmjs.org/markdown-escapes/-/markdown-escapes-1.0.3.tgz",
			"integrity": "sha512-XUi5HJhhV5R74k8/0H2oCbCiYf/u4cO/rX8tnGkRvrqhsr5BRNU6Mg0yt/8UIx1iIS8220BNJsDb7XnILhLepw=="
		},
		"minimatch": {
			"version": "3.0.4",
			"resolved": "https://registry.npmjs.org/minimatch/-/minimatch-3.0.4.tgz",
			"integrity": "sha512-yJHVQEhyqPLUTgt9B83PXu6W3rx4MvvHvSUvToogpwoGDOUQ+yDrR0HRot+yOCdCO7u4hX3pWft6kWBBcqh0UA==",
			"requires": {
				"brace-expansion": "^1.1.7"
			}
		},
		"ms": {
			"version": "2.0.0",
			"resolved": "https://registry.npmjs.org/ms/-/ms-2.0.0.tgz",
			"integrity": "sha1-VgiurfwAvmwpAd9fmGF4jeDVl8g="
		},
		"normalize-package-data": {
			"version": "2.5.0",
			"resolved": "https://registry.npmjs.org/normalize-package-data/-/normalize-package-data-2.5.0.tgz",
			"integrity": "sha512-/5CMN3T0R4XTj4DcGaexo+roZSdSFW/0AOOTROrjxzCG1wrWXEsGbRKevjlIL+ZDE4sZlJr5ED4YW0yqmkK+eA==",
			"requires": {
				"hosted-git-info": "^2.1.4",
				"resolve": "^1.10.0",
				"semver": "2 || 3 || 4 || 5",
				"validate-npm-package-license": "^3.0.1"
			}
		},
		"object-assign": {
			"version": "4.1.1",
			"resolved": "https://registry.npmjs.org/object-assign/-/object-assign-4.1.1.tgz",
			"integrity": "sha1-IQmtx5ZYh8/AXLvUQsrIv7s2CGM="
		},
		"object-keys": {
			"version": "1.1.1",
			"resolved": "https://registry.npmjs.org/object-keys/-/object-keys-1.1.1.tgz",
			"integrity": "sha512-NuAESUOUMrlIXOfHKzD6bpPu3tYt3xvjNdRIQ+FeT0lNb4K8WR70CaDxhuNguS2XG+GjkyMwOzsN5ZktImfhLA=="
		},
		"object.assign": {
			"version": "4.1.0",
			"resolved": "https://registry.npmjs.org/object.assign/-/object.assign-4.1.0.tgz",
			"integrity": "sha512-exHJeq6kBKj58mqGyTQ9DFvrZC/eR6OwxzoM9YRoGBqrXYonaFyGiFMuc9VZrXf7DarreEwMpurG3dd+CNyW5w==",
			"requires": {
				"define-properties": "^1.1.2",
				"function-bind": "^1.1.1",
				"has-symbols": "^1.0.0",
				"object-keys": "^1.0.11"
			}
		},
		"object.entries": {
			"version": "1.1.0",
			"resolved": "https://registry.npmjs.org/object.entries/-/object.entries-1.1.0.tgz",
			"integrity": "sha512-l+H6EQ8qzGRxbkHOd5I/aHRhHDKoQXQ8g0BYt4uSweQU1/J6dZUOyWh9a2Vky35YCKjzmgxOzta2hH6kf9HuXA==",
			"requires": {
				"define-properties": "^1.1.3",
				"es-abstract": "^1.12.0",
				"function-bind": "^1.1.1",
				"has": "^1.0.3"
			}
		},
		"p-limit": {
			"version": "1.3.0",
			"resolved": "https://registry.npmjs.org/p-limit/-/p-limit-1.3.0.tgz",
			"integrity": "sha512-vvcXsLAJ9Dr5rQOPk7toZQZJApBl2K4J6dANSsEuh6QI41JYcsS/qhTGa9ErIUUgK3WNQoJYvylxvjqmiqEA9Q==",
			"requires": {
				"p-try": "^1.0.0"
			}
		},
		"p-locate": {
			"version": "2.0.0",
			"resolved": "https://registry.npmjs.org/p-locate/-/p-locate-2.0.0.tgz",
			"integrity": "sha1-IKAQOyIqcMj9OcwuWAaA893l7EM=",
			"requires": {
				"p-limit": "^1.1.0"
			}
		},
		"p-try": {
			"version": "1.0.0",
			"resolved": "https://registry.npmjs.org/p-try/-/p-try-1.0.0.tgz",
			"integrity": "sha1-y8ec26+P1CKOE/Yh8rGiN8GyB7M="
		},
		"parse-entities": {
			"version": "1.2.2",
			"resolved": "https://registry.npmjs.org/parse-entities/-/parse-entities-1.2.2.tgz",
			"integrity": "sha512-NzfpbxW/NPrzZ/yYSoQxyqUZMZXIdCfE0OIN4ESsnptHJECoUk3FZktxNuzQf4tjt5UEopnxpYJbvYuxIFDdsg==",
			"requires": {
				"character-entities": "^1.0.0",
				"character-entities-legacy": "^1.0.0",
				"character-reference-invalid": "^1.0.0",
				"is-alphanumerical": "^1.0.0",
				"is-decimal": "^1.0.0",
				"is-hexadecimal": "^1.0.0"
			}
		},
		"parse-json": {
			"version": "2.2.0",
			"resolved": "https://registry.npmjs.org/parse-json/-/parse-json-2.2.0.tgz",
			"integrity": "sha1-9ID0BDTvgHQfhGkJn43qGPVaTck=",
			"requires": {
				"error-ex": "^1.2.0"
			}
		},
		"path-exists": {
			"version": "3.0.0",
			"resolved": "https://registry.npmjs.org/path-exists/-/path-exists-3.0.0.tgz",
			"integrity": "sha1-zg6+ql94yxiSXqfYENe1mwEP1RU="
		},
		"path-parse": {
			"version": "1.0.6",
			"resolved": "https://registry.npmjs.org/path-parse/-/path-parse-1.0.6.tgz",
			"integrity": "sha512-GSmOT2EbHrINBf9SR7CDELwlJ8AENk3Qn7OikK4nFYAu3Ote2+JYNVvkpAEQm3/TLNEJFD/xZJjzyxg3KBWOzw=="
		},
		"path-type": {
			"version": "2.0.0",
			"resolved": "https://registry.npmjs.org/path-type/-/path-type-2.0.0.tgz",
			"integrity": "sha1-8BLMuEFbcJb8LaoQVMPXI4lZTHM=",
			"requires": {
				"pify": "^2.0.0"
			}
		},
		"pify": {
			"version": "2.3.0",
			"resolved": "https://registry.npmjs.org/pify/-/pify-2.3.0.tgz",
			"integrity": "sha1-7RQaasBDqEnqWISY59yosVMw6Qw="
		},
		"pkg-dir": {
			"version": "2.0.0",
			"resolved": "https://registry.npmjs.org/pkg-dir/-/pkg-dir-2.0.0.tgz",
			"integrity": "sha1-9tXREJ4Z1j7fQo4L1X4Sd3YVM0s=",
			"requires": {
				"find-up": "^2.1.0"
			}
		},
		"read-pkg": {
			"version": "2.0.0",
			"resolved": "https://registry.npmjs.org/read-pkg/-/read-pkg-2.0.0.tgz",
			"integrity": "sha1-jvHAYjxqbbDcZxPEv6xGMysjaPg=",
			"requires": {
				"load-json-file": "^2.0.0",
				"normalize-package-data": "^2.3.2",
				"path-type": "^2.0.0"
			}
		},
		"read-pkg-up": {
			"version": "2.0.0",
			"resolved": "https://registry.npmjs.org/read-pkg-up/-/read-pkg-up-2.0.0.tgz",
			"integrity": "sha1-a3KoBImE4MQeeVEP1en6mbO1Sb4=",
			"requires": {
				"find-up": "^2.0.0",
				"read-pkg": "^2.0.0"
			}
		},
		"readable-stream": {
			"version": "3.4.0",
			"resolved": "https://registry.npmjs.org/readable-stream/-/readable-stream-3.4.0.tgz",
			"integrity": "sha512-jItXPLmrSR8jmTRmRWJXCnGJsfy85mB3Wd/uINMXA65yrnFo0cPClFIUWzo2najVNSl+mx7/4W8ttlLWJe99pQ==",
			"requires": {
				"inherits": "^2.0.3",
				"string_decoder": "^1.1.1",
				"util-deprecate": "^1.0.1"
			}
		},
		"regexpp": {
			"version": "2.0.1",
			"resolved": "https://registry.npmjs.org/regexpp/-/regexpp-2.0.1.tgz",
			"integrity": "sha512-lv0M6+TkDVniA3aD1Eg0DVpfU/booSu7Eev3TDO/mZKHBfVjgCGTV4t4buppESEYDtkArYFOxTJWv6S5C+iaNw=="
		},
		"remark-parse": {
			"version": "5.0.0",
			"resolved": "https://registry.npmjs.org/remark-parse/-/remark-parse-5.0.0.tgz",
			"integrity": "sha512-b3iXszZLH1TLoyUzrATcTQUZrwNl1rE70rVdSruJFlDaJ9z5aMkhrG43Pp68OgfHndL/ADz6V69Zow8cTQu+JA==",
			"requires": {
				"collapse-white-space": "^1.0.2",
				"is-alphabetical": "^1.0.0",
				"is-decimal": "^1.0.0",
				"is-whitespace-character": "^1.0.0",
				"is-word-character": "^1.0.0",
				"markdown-escapes": "^1.0.0",
				"parse-entities": "^1.1.0",
				"repeat-string": "^1.5.4",
				"state-toggle": "^1.0.0",
				"trim": "0.0.1",
				"trim-trailing-lines": "^1.0.0",
				"unherit": "^1.0.4",
				"unist-util-remove-position": "^1.0.0",
				"vfile-location": "^2.0.0",
				"xtend": "^4.0.1"
			}
		},
		"repeat-string": {
			"version": "1.6.1",
			"resolved": "https://registry.npmjs.org/repeat-string/-/repeat-string-1.6.1.tgz",
			"integrity": "sha1-jcrkcOHIirwtYA//Sndihtp15jc="
		},
		"replace-ext": {
			"version": "1.0.0",
			"resolved": "https://registry.npmjs.org/replace-ext/-/replace-ext-1.0.0.tgz",
			"integrity": "sha1-3mMSg3P8v3w8z6TeWkgMRaZ5WOs="
		},
		"resolve": {
			"version": "1.11.1",
			"resolved": "https://registry.npmjs.org/resolve/-/resolve-1.11.1.tgz",
			"integrity": "sha512-vIpgF6wfuJOZI7KKKSP+HmiKggadPQAdsp5HiC1mvqnfp0gF1vdwgBWZIdrVft9pgqoMFQN+R7BSWZiBxx+BBw==",
			"requires": {
				"path-parse": "^1.0.6"
			}
		},
		"ret": {
			"version": "0.1.15",
			"resolved": "https://registry.npmjs.org/ret/-/ret-0.1.15.tgz",
			"integrity": "sha512-TTlYpa+OL+vMMNG24xSlQGEJ3B/RzEfUlLct7b5G/ytav+wPrplCpVMFuwzXbkecJrb6IYo1iFb0S9v37754mg=="
		},
		"safe-buffer": {
			"version": "5.1.2",
			"resolved": "https://registry.npmjs.org/safe-buffer/-/safe-buffer-5.1.2.tgz",
			"integrity": "sha512-Gd2UZBJDkXlY7GbJxfsE8/nvKkUEU1G38c1siN6QP6a9PT9MmHB8GnpscSmMJSoF8LOIrt8ud/wPtojys4G6+g=="
		},
		"safe-regex": {
			"version": "1.1.0",
			"resolved": "https://registry.npmjs.org/safe-regex/-/safe-regex-1.1.0.tgz",
			"integrity": "sha1-QKNmnzsHfR6UPURinhV91IAjvy4=",
			"requires": {
				"ret": "~0.1.10"
			}
		},
		"semver": {
			"version": "5.5.0",
			"resolved": "https://registry.npmjs.org/semver/-/semver-5.5.0.tgz",
			"integrity": "sha512-4SJ3dm0WAwWy/NVeioZh5AntkdJoWKxHxcmyP622fOkgHa4z3R0TdBJICINyaSDE6uNwVc8gZr+ZinwZAH4xIA=="
		},
		"spdx-correct": {
			"version": "3.1.0",
			"resolved": "https://registry.npmjs.org/spdx-correct/-/spdx-correct-3.1.0.tgz",
			"integrity": "sha512-lr2EZCctC2BNR7j7WzJ2FpDznxky1sjfxvvYEyzxNyb6lZXHODmEoJeFu4JupYlkfha1KZpJyoqiJ7pgA1qq8Q==",
			"requires": {
				"spdx-expression-parse": "^3.0.0",
				"spdx-license-ids": "^3.0.0"
			}
		},
		"spdx-exceptions": {
			"version": "2.2.0",
			"resolved": "https://registry.npmjs.org/spdx-exceptions/-/spdx-exceptions-2.2.0.tgz",
			"integrity": "sha512-2XQACfElKi9SlVb1CYadKDXvoajPgBVPn/gOQLrTvHdElaVhr7ZEbqJaRnJLVNeaI4cMEAgVCeBMKF6MWRDCRA=="
		},
		"spdx-expression-parse": {
			"version": "3.0.0",
			"resolved": "https://registry.npmjs.org/spdx-expression-parse/-/spdx-expression-parse-3.0.0.tgz",
			"integrity": "sha512-Yg6D3XpRD4kkOmTpdgbUiEJFKghJH03fiC1OPll5h/0sO6neh2jqRDVHOQ4o/LMea0tgCkbMgea5ip/e+MkWyg==",
			"requires": {
				"spdx-exceptions": "^2.1.0",
				"spdx-license-ids": "^3.0.0"
			}
		},
		"spdx-license-ids": {
			"version": "3.0.4",
			"resolved": "https://registry.npmjs.org/spdx-license-ids/-/spdx-license-ids-3.0.4.tgz",
			"integrity": "sha512-7j8LYJLeY/Yb6ACbQ7F76qy5jHkp0U6jgBfJsk97bwWlVUnUWsAgpyaCvo17h0/RQGnQ036tVDomiwoI4pDkQA=="
		},
		"state-toggle": {
			"version": "1.0.2",
			"resolved": "https://registry.npmjs.org/state-toggle/-/state-toggle-1.0.2.tgz",
			"integrity": "sha512-8LpelPGR0qQM4PnfLiplOQNJcIN1/r2Gy0xKB2zKnIW2YzPMt2sR4I/+gtPjhN7Svh9kw+zqEg2SFwpBO9iNiw=="
		},
		"string_decoder": {
			"version": "1.2.0",
			"resolved": "https://registry.npmjs.org/string_decoder/-/string_decoder-1.2.0.tgz",
			"integrity": "sha512-6YqyX6ZWEYguAxgZzHGL7SsCeGx3V2TtOTqZz1xSTSWnqsbWwbptafNyvf/ACquZUXV3DANr5BDIwNYe1mN42w==",
			"requires": {
				"safe-buffer": "~5.1.0"
			}
		},
		"strip-bom": {
			"version": "3.0.0",
			"resolved": "https://registry.npmjs.org/strip-bom/-/strip-bom-3.0.0.tgz",
			"integrity": "sha1-IzTBjpx1n3vdVv3vfprj1YjmjtM="
		},
		"trim": {
			"version": "0.0.1",
			"resolved": "https://registry.npmjs.org/trim/-/trim-0.0.1.tgz",
			"integrity": "sha1-WFhUf2spB1fulczMZm+1AITEYN0="
		},
		"trim-trailing-lines": {
			"version": "1.1.2",
			"resolved": "https://registry.npmjs.org/trim-trailing-lines/-/trim-trailing-lines-1.1.2.tgz",
			"integrity": "sha512-MUjYItdrqqj2zpcHFTkMa9WAv4JHTI6gnRQGPFLrt5L9a6tRMiDnIqYl8JBvu2d2Tc3lWJKQwlGCp0K8AvCM+Q=="
		},
		"trough": {
			"version": "1.0.4",
			"resolved": "https://registry.npmjs.org/trough/-/trough-1.0.4.tgz",
			"integrity": "sha512-tdzBRDGWcI1OpPVmChbdSKhvSVurznZ8X36AYURAcl+0o2ldlCY2XPzyXNNxwJwwyIU+rIglTCG4kxtNKBQH7Q=="
		},
		"tslib": {
			"version": "1.9.3",
			"resolved": "https://registry.npmjs.org/tslib/-/tslib-1.9.3.tgz",
			"integrity": "sha512-4krF8scpejhaOgqzBEcGM7yDIEfi0/8+8zDRZhNZZ2kjmHJ4hv3zCbQWxoJGz1iw5U0Jl0nma13xzHXcncMavQ=="
		},
		"tsutils": {
			"version": "3.14.0",
			"resolved": "https://registry.npmjs.org/tsutils/-/tsutils-3.14.0.tgz",
			"integrity": "sha512-SmzGbB0l+8I0QwsPgjooFRaRvHLBLNYM8SeQ0k6rtNDru5sCGeLJcZdwilNndN+GysuFjF5EIYgN8GfFG6UeUw==",
			"requires": {
				"tslib": "^1.8.1"
			}
		},
		"unherit": {
			"version": "1.1.2",
			"resolved": "https://registry.npmjs.org/unherit/-/unherit-1.1.2.tgz",
			"integrity": "sha512-W3tMnpaMG7ZY6xe/moK04U9fBhi6wEiCYHUW5Mop/wQHf12+79EQGwxYejNdhEz2mkqkBlGwm7pxmgBKMVUj0w==",
			"requires": {
				"inherits": "^2.0.1",
				"xtend": "^4.0.1"
			}
		},
		"unified": {
			"version": "6.2.0",
			"resolved": "https://registry.npmjs.org/unified/-/unified-6.2.0.tgz",
			"integrity": "sha512-1k+KPhlVtqmG99RaTbAv/usu85fcSRu3wY8X+vnsEhIxNP5VbVIDiXnLqyKIG+UMdyTg0ZX9EI6k2AfjJkHPtA==",
			"requires": {
				"bail": "^1.0.0",
				"extend": "^3.0.0",
				"is-plain-obj": "^1.1.0",
				"trough": "^1.0.0",
				"vfile": "^2.0.0",
				"x-is-string": "^0.1.0"
			}
		},
		"unist-util-is": {
			"version": "3.0.0",
			"resolved": "https://registry.npmjs.org/unist-util-is/-/unist-util-is-3.0.0.tgz",
			"integrity": "sha512-sVZZX3+kspVNmLWBPAB6r+7D9ZgAFPNWm66f7YNb420RlQSbn+n8rG8dGZSkrER7ZIXGQYNm5pqC3v3HopH24A=="
		},
		"unist-util-remove-position": {
			"version": "1.1.3",
			"resolved": "https://registry.npmjs.org/unist-util-remove-position/-/unist-util-remove-position-1.1.3.tgz",
			"integrity": "sha512-CtszTlOjP2sBGYc2zcKA/CvNdTdEs3ozbiJ63IPBxh8iZg42SCCb8m04f8z2+V1aSk5a7BxbZKEdoDjadmBkWA==",
			"requires": {
				"unist-util-visit": "^1.1.0"
			}
		},
		"unist-util-stringify-position": {
			"version": "1.1.2",
			"resolved": "https://registry.npmjs.org/unist-util-stringify-position/-/unist-util-stringify-position-1.1.2.tgz",
			"integrity": "sha512-pNCVrk64LZv1kElr0N1wPiHEUoXNVFERp+mlTg/s9R5Lwg87f9bM/3sQB99w+N9D/qnM9ar3+AKDBwo/gm/iQQ=="
		},
		"unist-util-visit": {
			"version": "1.4.1",
			"resolved": "https://registry.npmjs.org/unist-util-visit/-/unist-util-visit-1.4.1.tgz",
			"integrity": "sha512-AvGNk7Bb//EmJZyhtRUnNMEpId/AZ5Ph/KUpTI09WHQuDZHKovQ1oEv3mfmKpWKtoMzyMC4GLBm1Zy5k12fjIw==",
			"requires": {
				"unist-util-visit-parents": "^2.0.0"
			}
		},
		"unist-util-visit-parents": {
			"version": "2.1.2",
			"resolved": "https://registry.npmjs.org/unist-util-visit-parents/-/unist-util-visit-parents-2.1.2.tgz",
			"integrity": "sha512-DyN5vD4NE3aSeB+PXYNKxzGsfocxp6asDc2XXE3b0ekO2BaRUpBicbbUygfSvYfUz1IkmjFR1YF7dPklraMZ2g==",
			"requires": {
				"unist-util-is": "^3.0.0"
			}
		},
		"util-deprecate": {
			"version": "1.0.2",
			"resolved": "https://registry.npmjs.org/util-deprecate/-/util-deprecate-1.0.2.tgz",
			"integrity": "sha1-RQ1Nyfpw3nMnYvvS1KKJgUGaDM8="
		},
		"validate-npm-package-license": {
			"version": "3.0.4",
			"resolved": "https://registry.npmjs.org/validate-npm-package-license/-/validate-npm-package-license-3.0.4.tgz",
			"integrity": "sha512-DpKm2Ui/xN7/HQKCtpZxoRWBhZ9Z0kqtygG8XCgNQ8ZlDnxuQmWhj566j8fN4Cu3/JmbhsDo7fcAJq4s9h27Ew==",
			"requires": {
				"spdx-correct": "^3.0.0",
				"spdx-expression-parse": "^3.0.0"
			}
		},
		"vfile": {
			"version": "2.3.0",
			"resolved": "https://registry.npmjs.org/vfile/-/vfile-2.3.0.tgz",
			"integrity": "sha512-ASt4mBUHcTpMKD/l5Q+WJXNtshlWxOogYyGYYrg4lt/vuRjC1EFQtlAofL5VmtVNIZJzWYFJjzGWZ0Gw8pzW1w==",
			"requires": {
				"is-buffer": "^1.1.4",
				"replace-ext": "1.0.0",
				"unist-util-stringify-position": "^1.0.0",
				"vfile-message": "^1.0.0"
			}
		},
		"vfile-location": {
			"version": "2.0.5",
			"resolved": "https://registry.npmjs.org/vfile-location/-/vfile-location-2.0.5.tgz",
			"integrity": "sha512-Pa1ey0OzYBkLPxPZI3d9E+S4BmvfVwNAAXrrqGbwTVXWaX2p9kM1zZ+n35UtVM06shmWKH4RPRN8KI80qE3wNQ=="
		},
		"vfile-message": {
			"version": "1.1.1",
			"resolved": "https://registry.npmjs.org/vfile-message/-/vfile-message-1.1.1.tgz",
			"integrity": "sha512-1WmsopSGhWt5laNir+633LszXvZ+Z/lxveBf6yhGsqnQIhlhzooZae7zV6YVM1Sdkw68dtAW3ow0pOdPANugvA==",
			"requires": {
				"unist-util-stringify-position": "^1.1.1"
			}
		},
		"x-is-string": {
			"version": "0.1.0",
			"resolved": "https://registry.npmjs.org/x-is-string/-/x-is-string-0.1.0.tgz",
			"integrity": "sha1-R0tQhlrzpJqcRlfwWs0UVFj3fYI="
		},
		"xtend": {
			"version": "4.0.1",
			"resolved": "https://registry.npmjs.org/xtend/-/xtend-4.0.1.tgz",
			"integrity": "sha1-pcbVMr5lbiPbgg77lDofBJmNY68="
		}
	}
}
