{
	"name": "@minna-ui/build-css",
	"version": "0.25.0",
	"lockfileVersion": 1,
	"preserveSymlinks": "1",
	"requires": true,
	"dependencies": {
		"argparse": {
			"version": "1.0.10",
			"resolved": "https://registry.npmjs.org/argparse/-/argparse-1.0.10.tgz",
			"integrity": "sha512-o5Roy6tNG4SL/FOkCAN6RzjiakZS25RLYFrcMttJqbdd8BWrnA+fGz57iN5Pb06pvBGvl5gQ0B48dJlslXvoTg==",
			"requires": {
				"sprintf-js": "~1.0.2"
			}
		},
		"clean-css": {
			"version": "4.2.1",
			"resolved": "https://registry.npmjs.org/clean-css/-/clean-css-4.2.1.tgz",
			"integrity": "sha512-4ZxI6dy4lrY6FHzfiy1aEOXgu4LIsW2MhwG0VBKdcoGoH/XLFgaHSdLTGr4O8Be6A8r3MOphEiI8Gc1n0ecf3g==",
			"requires": {
				"source-map": "~0.6.0"
			}
		},
		"cosmiconfig": {
			"version": "4.0.0",
			"resolved": "https://registry.npmjs.org/cosmiconfig/-/cosmiconfig-4.0.0.tgz",
			"integrity": "sha512-6e5vDdrXZD+t5v0L8CrurPeybg4Fmf+FCSYxXKYVAqLUtyCSbuyqE059d0kDthTNRzKVjL7QMgNpEUlsoYH3iQ==",
			"requires": {
				"is-directory": "^0.3.1",
				"js-yaml": "^3.9.0",
				"parse-json": "^4.0.0",
				"require-from-string": "^2.0.1"
			}
		},
		"error-ex": {
			"version": "1.3.2",
			"resolved": "https://registry.npmjs.org/error-ex/-/error-ex-1.3.2.tgz",
			"integrity": "sha512-7dFHNmqeFSEt2ZBsCriorKnn3Z2pj+fd9kmI6QoWw4//DL+icEBfc0U7qJCisqrTsKTjw4fNFy2pW9OqStD84g==",
			"requires": {
				"is-arrayish": "^0.2.1"
			}
		},
		"esprima": {
			"version": "4.0.1",
			"resolved": "https://registry.npmjs.org/esprima/-/esprima-4.0.1.tgz",
			"integrity": "sha512-eGuFFw7Upda+g4p+QHvnW0RyTX/SVeJBDM/gCtMARO0cLuT2HcEKnTPvhjV6aGeqrCB/sbNop0Kszm0jsaWU4A=="
		},
		"import-cwd": {
			"version": "2.1.0",
			"resolved": "https://registry.npmjs.org/import-cwd/-/import-cwd-2.1.0.tgz",
			"integrity": "sha1-qmzzbnInYShcs3HsZRn1PiQ1sKk=",
			"requires": {
				"import-from": "^2.1.0"
			}
		},
		"import-from": {
			"version": "2.1.0",
			"resolved": "https://registry.npmjs.org/import-from/-/import-from-2.1.0.tgz",
			"integrity": "sha1-M1238qev/VOqpHHUuAId7ja387E=",
			"requires": {
				"resolve-from": "^3.0.0"
			}
		},
		"is-arrayish": {
			"version": "0.2.1",
			"resolved": "https://registry.npmjs.org/is-arrayish/-/is-arrayish-0.2.1.tgz",
			"integrity": "sha1-d8mYQFJ6qOyxqLppe4BkWnqSap0="
		},
		"is-directory": {
			"version": "0.3.1",
			"resolved": "https://registry.npmjs.org/is-directory/-/is-directory-0.3.1.tgz",
			"integrity": "sha1-YTObbyR1/Hcv2cnYP1yFddwVSuE="
		},
		"js-yaml": {
			"version": "3.13.1",
			"resolved": "https://registry.npmjs.org/js-yaml/-/js-yaml-3.13.1.tgz",
			"integrity": "sha512-YfbcO7jXDdyj0DGxYVSlSeQNHbD7XPWvrVWeVUujrQEoZzWJIRrCPoyk6kL6IAjAG2IolMK4T0hNUe0HOUs5Jw==",
			"requires": {
				"argparse": "^1.0.7",
				"esprima": "^4.0.0"
			}
		},
		"json-parse-better-errors": {
			"version": "1.0.2",
			"resolved": "https://registry.npmjs.org/json-parse-better-errors/-/json-parse-better-errors-1.0.2.tgz",
			"integrity": "sha512-mrqyZKfX5EhL7hvqcV6WG1yYjnjeuYDzDhhcAAUrq8Po85NBQBJP+ZDUT75qZQ98IkUoBqdkExkukOU7Ts2wrw=="
		},
		"parse-json": {
			"version": "4.0.0",
			"resolved": "https://registry.npmjs.org/parse-json/-/parse-json-4.0.0.tgz",
			"integrity": "sha1-vjX1Qlvh9/bHRxhPmKeIy5lHfuA=",
			"requires": {
				"error-ex": "^1.3.1",
				"json-parse-better-errors": "^1.0.1"
			}
		},
		"postcss-load-config": {
			"version": "2.0.0",
			"resolved": "https://registry.npmjs.org/postcss-load-config/-/postcss-load-config-2.0.0.tgz",
			"integrity": "sha512-V5JBLzw406BB8UIfsAWSK2KSwIJ5yoEIVFb4gVkXci0QdKgA24jLmHZ/ghe/GgX0lJ0/D1uUK1ejhzEY94MChQ==",
			"requires": {
				"cosmiconfig": "^4.0.0",
				"import-cwd": "^2.0.0"
			}
		},
		"require-from-string": {
			"version": "2.0.2",
			"resolved": "https://registry.npmjs.org/require-from-string/-/require-from-string-2.0.2.tgz",
			"integrity": "sha512-Xf0nWe6RseziFMu+Ap9biiUbmplq6S9/p+7w7YXP/JBHhrUDDUhwa+vANyubuqfZWTveU//DYVGsDG7RKL/vEw=="
		},
		"resolve-from": {
			"version": "3.0.0",
			"resolved": "https://registry.npmjs.org/resolve-from/-/resolve-from-3.0.0.tgz",
			"integrity": "sha1-six699nWiBvItuZTM17rywoYh0g="
		},
		"source-map": {
			"version": "0.6.1",
			"resolved": "https://registry.npmjs.org/source-map/-/source-map-0.6.1.tgz",
			"integrity": "sha512-UjgapumWlbMhkBgzT7Ykc5YXUT46F0iKu8SGXq0bcwP5dz/h0Plj6enJqjz1Zbq2l5WaqYnrVbwWOWMyF3F47g=="
		},
		"sprintf-js": {
			"version": "1.0.3",
			"resolved": "https://registry.npmjs.org/sprintf-js/-/sprintf-js-1.0.3.tgz",
			"integrity": "sha1-BOaSb2YolTVPPdAVIDYzuFcpfiw="
		}
	}
}
